PODS:
  - LXDrownMenuManager (1.1.0):
    - LXFitManager
  - LXFitManager (1.0.0)

DEPENDENCIES:
  - LXDrownMenuManager (from `./`)

SPEC REPOS:
  trunk:
    - LXFitManager

EXTERNAL SOURCES:
  LXDrownMenuManager:
    :path: "./"

SPEC CHECKSUMS:
  LXDrownMenuManager: 0e74e5d3f803f96188e9198c3e0f901959cd2ac1
  LXFitManager: e8f88896ba1c848c263c49250b590802a987ab3e

PODFILE CHECKSUM: b59b2abd7527f626fd5e51107aab6dfca90bf187

COCOAPODS: 1.9.3
